
Microsoft Visual Studio Solution File, Format Version 12.00
# Visual Studio Version 17
VisualStudioVersion = 17.5.33530.505
MinimumVisualStudioVersion = 10.0.40219.1
Project("{FAE04EC0-301F-11D3-BF4B-00C04F79EFBC}") = "AIChatbot", "AIChatbot\AIChatbot.csproj", "{0CD94642-8B0B-4BB3-B9F5-420B7AAE89BD}"
EndProject
Global
	GlobalSection(SolutionConfigurationPlatforms) = preSolution
		Debug|Any CPU = Debug|Any CPU
		Release|Any CPU = Release|Any CPU
	EndGlobalSection
	GlobalSection(ProjectConfigurationPlatforms) = postSolution
		{0CD94642-8B0B-4BB3-B9F5-420B7AAE89BD}.Debug|Any CPU.ActiveCfg = Debug|Any CPU
		{0CD94642-8B0B-4BB3-B9F5-420B7AAE89BD}.Debug|Any CPU.Build.0 = Debug|Any CPU
		{0CD94642-8B0B-4BB3-B9F5-420B7AAE89BD}.Release|Any CPU.ActiveCfg = Release|Any CPU
		{0CD94642-8B0B-4BB3-B9F5-420B7AAE89BD}.Release|Any CPU.Build.0 = Release|Any CPU
	EndGlobalSection
	GlobalSection(SolutionProperties) = preSolution
		HideSolutionNode = FALSE
	EndGlobalSection
	GlobalSection(ExtensibilityGlobals) = postSolution
		SolutionGuid = {BBF21458-9F19-4F4F-8A3E-12DCFBA107DF}
	EndGlobalSection
EndGlobal
